// !$*UTF8*$!
{
	archiveVersion = 1;
	classes = {
	};
	objectVersion = 56;
	objects = {

/* Begin PBXBuildFile section */
		E3CCFE4F2C2061140090A63E /* CountryViewCell.swift in Sources */ = {isa = PBXBuildFile; fileRef = E3CCFE4E2C2061140090A63E /* CountryViewCell.swift */; };
		E3F14B292C1F84F100DA233A /* AppDelegate.swift in Sources */ = {isa = PBXBuildFile; fileRef = E3F14B282C1F84F100DA233A /* AppDelegate.swift */; };
		E3F14B2B2C1F84F100DA233A /* SceneDelegate.swift in Sources */ = {isa = PBXBuildFile; fileRef = E3F14B2A2C1F84F100DA233A /* SceneDelegate.swift */; };
		E3F14B2D2C1F84F100DA233A /* ViewController.swift in Sources */ = {isa = PBXBuildFile; fileRef = E3F14B2C2C1F84F100DA233A /* ViewController.swift */; };
		E3F14B322C1F84F300DA233A /* Assets.xcassets in Resources */ = {isa = PBXBuildFile; fileRef = E3F14B312C1F84F300DA233A /* Assets.xcassets */; };
		E3F14B352C1F84F300DA233A /* LaunchScreen.storyboard in Resources */ = {isa = PBXBuildFile; fileRef = E3F14B332C1F84F300DA233A /* LaunchScreen.storyboard */; };
		E3F14B3E2C1F853000DA233A /* SnapKit in Frameworks */ = {isa = PBXBuildFile; productRef = E3F14B3D2C1F853000DA233A /* SnapKit */; };
		E3F14B402C1F853000DA233A /* SnapKit-Dynamic in Frameworks */ = {isa = PBXBuildFile; productRef = E3F14B3F2C1F853000DA233A /* SnapKit-Dynamic */; };
		E3F14B482C1F85EA00DA233A /* Constraints.swift in Sources */ = {isa = PBXBuildFile; fileRef = E3F14B472C1F85EA00DA233A /* Constraints.swift */; };
		E3F14B4C2C1F869900DA233A /* CountryInfo.swift in Sources */ = {isa = PBXBuildFile; fileRef = E3F14B4B2C1F869900DA233A /* CountryInfo.swift */; };
/* End PBXBuildFile section */

/* Begin PBXFileReference section */
		E3CCFE4E2C2061140090A63E /* CountryViewCell.swift */ = {isa = PBXFileReference; lastKnownFileType = sourcecode.swift; path = CountryViewCell.swift; sourceTree = "<group>"; };
		E3F14B252C1F84F100DA233A /* Project 31.app */ = {isa = PBXFileReference; explicitFileType = wrapper.application; includeInIndex = 0; path = "Project 31.app"; sourceTree = BUILT_PRODUCTS_DIR; };
		E3F14B282C1F84F100DA233A /* AppDelegate.swift */ = {isa = PBXFileReference; lastKnownFileType = sourcecode.swift; path = AppDelegate.swift; sourceTree = "<group>"; };
		E3F14B2A2C1F84F100DA233A /* SceneDelegate.swift */ = {isa = PBXFileReference; lastKnownFileType = sourcecode.swift; path = SceneDelegate.swift; sourceTree = "<group>"; };
		E3F14B2C2C1F84F100DA233A /* ViewController.swift */ = {isa = PBXFileReference; lastKnownFileType = sourcecode.swift; path = ViewController.swift; sourceTree = "<group>"; };
		E3F14B312C1F84F300DA233A /* Assets.xcassets */ = {isa = PBXFileReference; lastKnownFileType = folder.assetcatalog; path = Assets.xcassets; sourceTree = "<group>"; };
		E3F14B342C1F84F300DA233A /* Base */ = {isa = PBXFileReference; lastKnownFileType = file.storyboard; name = Base; path = Base.lproj/LaunchScreen.storyboard; sourceTree = "<group>"; };
		E3F14B362C1F84F300DA233A /* Info.plist */ = {isa = PBXFileReference; lastKnownFileType = text.plist.xml; path = Info.plist; sourceTree = "<group>"; };
		E3F14B472C1F85EA00DA233A /* Constraints.swift */ = {isa = PBXFileReference; lastKnownFileType = sourcecode.swift; path = Constraints.swift; sourceTree = "<group>"; };
		E3F14B4B2C1F869900DA233A /* CountryInfo.swift */ = {isa = PBXFileReference; lastKnownFileType = sourcecode.swift; path = CountryInfo.swift; sourceTree = "<group>"; };
/* End PBXFileReference section */

/* Begin PBXFrameworksBuildPhase section */
		E3F14B222C1F84F100DA233A /* Frameworks */ = {
			isa = PBXFrameworksBuildPhase;
			buildActionMask = 2147483647;
			files = (
				E3F14B3E2C1F853000DA233A /* SnapKit in Frameworks */,
				E3F14B402C1F853000DA233A /* SnapKit-Dynamic in Frameworks */,
			);
			runOnlyForDeploymentPostprocessing = 0;
		};
/* End PBXFrameworksBuildPhase section */

/* Begin PBXGroup section */
		E3CCFE482C204A3E0090A63E /* Main View Cell */ = {
			isa = PBXGroup;
			children = (
				E3CCFE4E2C2061140090A63E /* CountryViewCell.swift */,
			);
			path = "Main View Cell";
			sourceTree = "<group>";
		};
		E3CCFE492C204A540090A63E /* Main View Controller */ = {
			isa = PBXGroup;
			children = (
				E3F14B2C2C1F84F100DA233A /* ViewController.swift */,
			);
			path = "Main View Controller";
			sourceTree = "<group>";
		};
		E3F14B1C2C1F84F100DA233A = {
			isa = PBXGroup;
			children = (
				E3F14B272C1F84F100DA233A /* Project 31 */,
				E3F14B262C1F84F100DA233A /* Products */,
			);
			sourceTree = "<group>";
		};
		E3F14B262C1F84F100DA233A /* Products */ = {
			isa = PBXGroup;
			children = (
				E3F14B252C1F84F100DA233A /* Project 31.app */,
			);
			name = Products;
			sourceTree = "<group>";
		};
		E3F14B272C1F84F100DA233A /* Project 31 */ = {
			isa = PBXGroup;
			children = (
				E3F14B412C1F853600DA233A /* App */,
				E3F14B422C1F856E00DA233A /* Scenes */,
				E3F14B442C1F859D00DA233A /* Domain */,
				E3F14B452C1F85A700DA233A /* Resurces */,
				E3F14B362C1F84F300DA233A /* Info.plist */,
			);
			path = "Project 31";
			sourceTree = "<group>";
		};
		E3F14B412C1F853600DA233A /* App */ = {
			isa = PBXGroup;
			children = (
				E3F14B282C1F84F100DA233A /* AppDelegate.swift */,
				E3F14B2A2C1F84F100DA233A /* SceneDelegate.swift */,
			);
			path = App;
			sourceTree = "<group>";
		};
		E3F14B422C1F856E00DA233A /* Scenes */ = {
			isa = PBXGroup;
			children = (
				E3F14B432C1F858400DA233A /* Maon View */,
			);
			path = Scenes;
			sourceTree = "<group>";
		};
		E3F14B432C1F858400DA233A /* Maon View */ = {
			isa = PBXGroup;
			children = (
				E3CCFE492C204A540090A63E /* Main View Controller */,
				E3CCFE482C204A3E0090A63E /* Main View Cell */,
			);
			path = "Maon View";
			sourceTree = "<group>";
		};
		E3F14B442C1F859D00DA233A /* Domain */ = {
			isa = PBXGroup;
			children = (
				E3F14B492C1F865600DA233A /* Models */,
			);
			path = Domain;
			sourceTree = "<group>";
		};
		E3F14B452C1F85A700DA233A /* Resurces */ = {
			isa = PBXGroup;
			children = (
				E3F14B462C1F85D500DA233A /* Helper */,
			);
			path = Resurces;
			sourceTree = "<group>";
		};
		E3F14B462C1F85D500DA233A /* Helper */ = {
			isa = PBXGroup;
			children = (
				E3F14B472C1F85EA00DA233A /* Constraints.swift */,
				E3F14B312C1F84F300DA233A /* Assets.xcassets */,
				E3F14B332C1F84F300DA233A /* LaunchScreen.storyboard */,
			);
			path = Helper;
			sourceTree = "<group>";
		};
		E3F14B492C1F865600DA233A /* Models */ = {
			isa = PBXGroup;
			children = (
				E3F14B4A2C1F866F00DA233A /* Api Struct */,
			);
			path = Models;
			sourceTree = "<group>";
		};
		E3F14B4A2C1F866F00DA233A /* Api Struct */ = {
			isa = PBXGroup;
			children = (
				E3F14B4B2C1F869900DA233A /* CountryInfo.swift */,
			);
			path = "Api Struct";
			sourceTree = "<group>";
		};
/* End PBXGroup section */

/* Begin PBXNativeTarget section */
		E3F14B242C1F84F100DA233A /* Project 31 */ = {
			isa = PBXNativeTarget;
			buildConfigurationList = E3F14B392C1F84F300DA233A /* Build configuration list for PBXNativeTarget "Project 31" */;
			buildPhases = (
				E3F14B212C1F84F100DA233A /* Sources */,
				E3F14B222C1F84F100DA233A /* Frameworks */,
				E3F14B232C1F84F100DA233A /* Resources */,
			);
			buildRules = (
			);
			dependencies = (
			);
			name = "Project 31";
			packageProductDependencies = (
				E3F14B3D2C1F853000DA233A /* SnapKit */,
				E3F14B3F2C1F853000DA233A /* SnapKit-Dynamic */,
			);
			productName = "Project 31";
			productReference = E3F14B252C1F84F100DA233A /* Project 31.app */;
			productType = "com.apple.product-type.application";
		};
/* End PBXNativeTarget section */

/* Begin PBXProject section */
		E3F14B1D2C1F84F100DA233A /* Project object */ = {
			isa = PBXProject;
			attributes = {
				BuildIndependentTargetsInParallel = 1;
				LastSwiftUpdateCheck = 1520;
				LastUpgradeCheck = 1520;
				TargetAttributes = {
					E3F14B242C1F84F100DA233A = {
						CreatedOnToolsVersion = 15.2;
					};
				};
			};
			buildConfigurationList = E3F14B202C1F84F100DA233A /* Build configuration list for PBXProject "Project 31" */;
			compatibilityVersion = "Xcode 14.0";
			developmentRegion = en;
			hasScannedForEncodings = 0;
			knownRegions = (
				en,
				Base,
			);
			mainGroup = E3F14B1C2C1F84F100DA233A;
			packageReferences = (
				E3F14B3C2C1F853000DA233A /* XCRemoteSwiftPackageReference "SnapKit" */,
			);
			productRefGroup = E3F14B262C1F84F100DA233A /* Products */;
			projectDirPath = "";
			projectRoot = "";
			targets = (
				E3F14B242C1F84F100DA233A /* Project 31 */,
			);
		};
/* End PBXProject section */

/* Begin PBXResourcesBuildPhase section */
		E3F14B232C1F84F100DA233A /* Resources */ = {
			isa = PBXResourcesBuildPhase;
			buildActionMask = 2147483647;
			files = (
				E3F14B352C1F84F300DA233A /* LaunchScreen.storyboard in Resources */,
				E3F14B322C1F84F300DA233A /* Assets.xcassets in Resources */,
			);
			runOnlyForDeploymentPostprocessing = 0;
		};
/* End PBXResourcesBuildPhase section */

/* Begin PBXSourcesBuildPhase section */
		E3F14B212C1F84F100DA233A /* Sources */ = {
			isa = PBXSourcesBuildPhase;
			buildActionMask = 2147483647;
			files = (
				E3F14B482C1F85EA00DA233A /* Constraints.swift in Sources */,
				E3F14B2D2C1F84F100DA233A /* ViewController.swift in Sources */,
				E3CCFE4F2C2061140090A63E /* CountryViewCell.swift in Sources */,
				E3F14B292C1F84F100DA233A /* AppDelegate.swift in Sources */,
				E3F14B4C2C1F869900DA233A /* CountryInfo.swift in Sources */,
				E3F14B2B2C1F84F100DA233A /* SceneDelegate.swift in Sources */,
			);
			runOnlyForDeploymentPostprocessing = 0;
		};
/* End PBXSourcesBuildPhase section */

/* Begin PBXVariantGroup section */
		E3F14B332C1F84F300DA233A /* LaunchScreen.storyboard */ = {
			isa = PBXVariantGroup;
			children = (
				E3F14B342C1F84F300DA233A /* Base */,
			);
			name = LaunchScreen.storyboard;
			sourceTree = "<group>";
		};
/* End PBXVariantGroup section */

/* Begin XCBuildConfiguration section */
		E3F14B372C1F84F300DA233A /* Debug */ = {
			isa = XCBuildConfiguration;
			buildSettings = {
				ALWAYS_SEARCH_USER_PATHS = NO;
				ASSETCATALOG_COMPILER_GENERATE_SWIFT_ASSET_SYMBOL_EXTENSIONS = YES;
				CLANG_ANALYZER_NONNULL = YES;
				CLANG_ANALYZER_NUMBER_OBJECT_CONVERSION = YES_AGGRESSIVE;
				CLANG_CXX_LANGUAGE_STANDARD = "gnu++20";
				CLANG_ENABLE_MODULES = YES;
				CLANG_ENABLE_OBJC_ARC = YES;
				CLANG_ENABLE_OBJC_WEAK = YES;
				CLANG_WARN_BLOCK_CAPTURE_AUTORELEASING = YES;
				CLANG_WARN_BOOL_CONVERSION = YES;
				CLANG_WARN_COMMA = YES;
				CLANG_WARN_CONSTANT_CONVERSION = YES;
				CLANG_WARN_DEPRECATED_OBJC_IMPLEMENTATIONS = YES;
				CLANG_WARN_DIRECT_OBJC_ISA_USAGE = YES_ERROR;
				CLANG_WARN_DOCUMENTATION_COMMENTS = YES;
				CLANG_WARN_EMPTY_BODY = YES;
				CLANG_WARN_ENUM_CONVERSION = YES;
				CLANG_WARN_INFINITE_RECURSION = YES;
				CLANG_WARN_INT_CONVERSION = YES;
				CLANG_WARN_NON_LITERAL_NULL_CONVERSION = YES;
				CLANG_WARN_OBJC_IMPLICIT_RETAIN_SELF = YES;
				CLANG_WARN_OBJC_LITERAL_CONVERSION = YES;
				CLANG_WARN_OBJC_ROOT_CLASS = YES_ERROR;
				CLANG_WARN_QUOTED_INCLUDE_IN_FRAMEWORK_HEADER = YES;
				CLANG_WARN_RANGE_LOOP_ANALYSIS = YES;
				CLANG_WARN_STRICT_PROTOTYPES = YES;
				CLANG_WARN_SUSPICIOUS_MOVE = YES;
				CLANG_WARN_UNGUARDED_AVAILABILITY = YES_AGGRESSIVE;
				CLANG_WARN_UNREACHABLE_CODE = YES;
				CLANG_WARN__DUPLICATE_METHOD_MATCH = YES;
				COPY_PHASE_STRIP = NO;
				DEBUG_INFORMATION_FORMAT = dwarf;
				ENABLE_STRICT_OBJC_MSGSEND = YES;
				ENABLE_TESTABILITY = YES;
				ENABLE_USER_SCRIPT_SANDBOXING = YES;
				GCC_C_LANGUAGE_STANDARD = gnu17;
				GCC_DYNAMIC_NO_PIC = NO;
				GCC_NO_COMMON_BLOCKS = YES;
				GCC_OPTIMIZATION_LEVEL = 0;
				GCC_PREPROCESSOR_DEFINITIONS = (
					"DEBUG=1",
					"$(inherited)",
				);
				GCC_WARN_64_TO_32_BIT_CONVERSION = YES;
				GCC_WARN_ABOUT_RETURN_TYPE = YES_ERROR;
				GCC_WARN_UNDECLARED_SELECTOR = YES;
				GCC_WARN_UNINITIALIZED_AUTOS = YES_AGGRESSIVE;
				GCC_WARN_UNUSED_FUNCTION = YES;
				GCC_WARN_UNUSED_VARIABLE = YES;
				IPHONEOS_DEPLOYMENT_TARGET = 17.2;
				LOCALIZATION_PREFERS_STRING_CATALOGS = YES;
				MTL_ENABLE_DEBUG_INFO = INCLUDE_SOURCE;
				MTL_FAST_MATH = YES;
				ONLY_ACTIVE_ARCH = YES;
				SDKROOT = iphoneos;
				SWIFT_ACTIVE_COMPILATION_CONDITIONS = "DEBUG $(inherited)";
				SWIFT_OPTIMIZATION_LEVEL = "-Onone";
			};
			name = Debug;
		};
		E3F14B382C1F84F300DA233A /* Release */ = {
			isa = XCBuildConfiguration;
			buildSettings = {
				ALWAYS_SEARCH_USER_PATHS = NO;
				ASSETCATALOG_COMPILER_GENERATE_SWIFT_ASSET_SYMBOL_EXTENSIONS = YES;
				CLANG_ANALYZER_NONNULL = YES;
				CLANG_ANALYZER_NUMBER_OBJECT_CONVERSION = YES_AGGRESSIVE;
				CLANG_CXX_LANGUAGE_STANDARD = "gnu++20";
				CLANG_ENABLE_MODULES = YES;
				CLANG_ENABLE_OBJC_ARC = YES;
				CLANG_ENABLE_OBJC_WEAK = YES;
				CLANG_WARN_BLOCK_CAPTURE_AUTORELEASING = YES;
				CLANG_WARN_BOOL_CONVERSION = YES;
				CLANG_WARN_COMMA = YES;
				CLANG_WARN_CONSTANT_CONVERSION = YES;
				CLANG_WARN_DEPRECATED_OBJC_IMPLEMENTATIONS = YES;
				CLANG_WARN_DIRECT_OBJC_ISA_USAGE = YES_ERROR;
				CLANG_WARN_DOCUMENTATION_COMMENTS = YES;
				CLANG_WARN_EMPTY_BODY = YES;
				CLANG_WARN_ENUM_CONVERSION = YES;
				CLANG_WARN_INFINITE_RECURSION = YES;
				CLANG_WARN_INT_CONVERSION = YES;
				CLANG_WARN_NON_LITERAL_NULL_CONVERSION = YES;
				CLANG_WARN_OBJC_IMPLICIT_RETAIN_SELF = YES;
				CLANG_WARN_OBJC_LITERAL_CONVERSION = YES;
				CLANG_WARN_OBJC_ROOT_CLASS = YES_ERROR;
				CLANG_WARN_QUOTED_INCLUDE_IN_FRAMEWORK_HEADER = YES;
				CLANG_WARN_RANGE_LOOP_ANALYSIS = YES;
				CLANG_WARN_STRICT_PROTOTYPES = YES;
				CLANG_WARN_SUSPICIOUS_MOVE = YES;
				CLANG_WARN_UNGUARDED_AVAILABILITY = YES_AGGRESSIVE;
				CLANG_WARN_UNREACHABLE_CODE = YES;
				CLANG_WARN__DUPLICATE_METHOD_MATCH = YES;
				COPY_PHASE_STRIP = NO;
				DEBUG_INFORMATION_FORMAT = "dwarf-with-dsym";
				ENABLE_NS_ASSERTIONS = NO;
				ENABLE_STRICT_OBJC_MSGSEND = YES;
				ENABLE_USER_SCRIPT_SANDBOXING = YES;
				GCC_C_LANGUAGE_STANDARD = gnu17;
				GCC_NO_COMMON_BLOCKS = YES;
				GCC_WARN_64_TO_32_BIT_CONVERSION = YES;
				GCC_WARN_ABOUT_RETURN_TYPE = YES_ERROR;
				GCC_WARN_UNDECLARED_SELECTOR = YES;
				GCC_WARN_UNINITIALIZED_AUTOS = YES_AGGRESSIVE;
				GCC_WARN_UNUSED_FUNCTION = YES;
				GCC_WARN_UNUSED_VARIABLE = YES;
				IPHONEOS_DEPLOYMENT_TARGET = 17.2;
				LOCALIZATION_PREFERS_STRING_CATALOGS = YES;
				MTL_ENABLE_DEBUG_INFO = NO;
				MTL_FAST_MATH = YES;
				SDKROOT = iphoneos;
				SWIFT_COMPILATION_MODE = wholemodule;
				VALIDATE_PRODUCT = YES;
			};
			name = Release;
		};
		E3F14B3A2C1F84F300DA233A /* Debug */ = {
			isa = XCBuildConfiguration;
			buildSettings = {
				ASSETCATALOG_COMPILER_APPICON_NAME = AppIcon;
				ASSETCATALOG_COMPILER_GLOBAL_ACCENT_COLOR_NAME = AccentColor;
				CODE_SIGN_STYLE = Automatic;
				CURRENT_PROJECT_VERSION = 1;
				GENERATE_INFOPLIST_FILE = YES;
				INFOPLIST_FILE = "Project 31/Info.plist";
				INFOPLIST_KEY_UIApplicationSupportsIndirectInputEvents = YES;
				INFOPLIST_KEY_UILaunchStoryboardName = LaunchScreen;
				INFOPLIST_KEY_UISupportedInterfaceOrientations_iPad = "UIInterfaceOrientationPortrait UIInterfaceOrientationPortraitUpsideDown UIInterfaceOrientationLandscapeLeft UIInterfaceOrientationLandscapeRight";
				INFOPLIST_KEY_UISupportedInterfaceOrientations_iPhone = "UIInterfaceOrientationPortrait UIInterfaceOrientationLandscapeLeft UIInterfaceOrientationLandscapeRight";
				LD_RUNPATH_SEARCH_PATHS = (
					"$(inherited)",
					"@executable_path/Frameworks",
				);
				MARKETING_VERSION = 1.0;
				PRODUCT_BUNDLE_IDENTIFIER = "-0.Project-31";
				PRODUCT_NAME = "$(TARGET_NAME)";
				SWIFT_EMIT_LOC_STRINGS = YES;
				SWIFT_VERSION = 5.0;
				TARGETED_DEVICE_FAMILY = "1,2";
			};
			name = Debug;
		};
		E3F14B3B2C1F84F300DA233A /* Release */ = {
			isa = XCBuildConfiguration;
			buildSettings = {
				ASSETCATALOG_COMPILER_APPICON_NAME = AppIcon;
				ASSETCATALOG_COMPILER_GLOBAL_ACCENT_COLOR_NAME = AccentColor;
				CODE_SIGN_STYLE = Automatic;
				CURRENT_PROJECT_VERSION = 1;
				GENERATE_INFOPLIST_FILE = YES;
				INFOPLIST_FILE = "Project 31/Info.plist";
				INFOPLIST_KEY_UIApplicationSupportsIndirectInputEvents = YES;
				INFOPLIST_KEY_UILaunchStoryboardName = LaunchScreen;
				INFOPLIST_KEY_UISupportedInterfaceOrientations_iPad = "UIInterfaceOrientationPortrait UIInterfaceOrientationPortraitUpsideDown UIInterfaceOrientationLandscapeLeft UIInterfaceOrientationLandscapeRight";
				INFOPLIST_KEY_UISupportedInterfaceOrientations_iPhone = "UIInterfaceOrientationPortrait UIInterfaceOrientationLandscapeLeft UIInterfaceOrientationLandscapeRight";
				LD_RUNPATH_SEARCH_PATHS = (
					"$(inherited)",
					"@executable_path/Frameworks",
				);
				MARKETING_VERSION = 1.0;
				PRODUCT_BUNDLE_IDENTIFIER = "-0.Project-31";
				PRODUCT_NAME = "$(TARGET_NAME)";
				SWIFT_EMIT_LOC_STRINGS = YES;
				SWIFT_VERSION = 5.0;
				TARGETED_DEVICE_FAMILY = "1,2";
			};
			name = Release;
		};
/* End XCBuildConfiguration section */

/* Begin XCConfigurationList section */
		E3F14B202C1F84F100DA233A /* Build configuration list for PBXProject "Project 31" */ = {
			isa = XCConfigurationList;
			buildConfigurations = (
				E3F14B372C1F84F300DA233A /* Debug */,
				E3F14B382C1F84F300DA233A /* Release */,
			);
			defaultConfigurationIsVisible = 0;
			defaultConfigurationName = Release;
		};
		E3F14B392C1F84F300DA233A /* Build configuration list for PBXNativeTarget "Project 31" */ = {
			isa = XCConfigurationList;
			buildConfigurations = (
				E3F14B3A2C1F84F300DA233A /* Debug */,
				E3F14B3B2C1F84F300DA233A /* Release */,
			);
			defaultConfigurationIsVisible = 0;
			defaultConfigurationName = Release;
		};
/* End XCConfigurationList section */

/* Begin XCRemoteSwiftPackageReference section */
		E3F14B3C2C1F853000DA233A /* XCRemoteSwiftPackageReference "SnapKit" */ = {
			isa = XCRemoteSwiftPackageReference;
			repositoryURL = "https://github.com/SnapKit/SnapKit";
			requirement = {
				kind = upToNextMajorVersion;
				minimumVersion = 5.7.1;
			};
		};
/* End XCRemoteSwiftPackageReference section */

/* Begin XCSwiftPackageProductDependency section */
		E3F14B3D2C1F853000DA233A /* SnapKit */ = {
			isa = XCSwiftPackageProductDependency;
			package = E3F14B3C2C1F853000DA233A /* XCRemoteSwiftPackageReference "SnapKit" */;
			productName = SnapKit;
		};
		E3F14B3F2C1F853000DA233A /* SnapKit-Dynamic */ = {
			isa = XCSwiftPackageProductDependency;
			package = E3F14B3C2C1F853000DA233A /* XCRemoteSwiftPackageReference "SnapKit" */;
			productName = "SnapKit-Dynamic";
		};
/* End XCSwiftPackageProductDependency section */
	};
	rootObject = E3F14B1D2C1F84F100DA233A /* Project object */;
}
